// !$*UTF8*$!
{
	archiveVersion = 1;
	classes = {
	};
	objectVersion = 50;
	objects = {

/* Begin PBXBuildFile section */
		93C47A93209CC04A00157955 /* DisposeBag.swift in Sources */ = {isa = PBXBuildFile; fileRef = 93C47A92209CC04A00157955 /* DisposeBag.swift */; };
		93C47A95209CC90C00157955 /* DetailViewController.swift in Sources */ = {isa = PBXBuildFile; fileRef = 93C47A94209CC90C00157955 /* DetailViewController.swift */; };
		93E5E963208F6DE200BF0FFB /* AppDelegate.swift in Sources */ = {isa = PBXBuildFile; fileRef = 93E5E962208F6DE200BF0FFB /* AppDelegate.swift */; };
		93E5E965208F6DE200BF0FFB /* ViewController.swift in Sources */ = {isa = PBXBuildFile; fileRef = 93E5E964208F6DE200BF0FFB /* ViewController.swift */; };
		93E5E968208F6DE200BF0FFB /* Main.storyboard in Resources */ = {isa = PBXBuildFile; fileRef = 93E5E966208F6DE200BF0FFB /* Main.storyboard */; };
		93E5E96A208F6DE400BF0FFB /* Assets.xcassets in Resources */ = {isa = PBXBuildFile; fileRef = 93E5E969208F6DE400BF0FFB /* Assets.xcassets */; };
		93E5E96D208F6DE400BF0FFB /* LaunchScreen.storyboard in Resources */ = {isa = PBXBuildFile; fileRef = 93E5E96B208F6DE400BF0FFB /* LaunchScreen.storyboard */; };
		93E5E976208F6E0B00BF0FFB /* Signal.swift in Sources */ = {isa = PBXBuildFile; fileRef = 93E5E975208F6E0B00BF0FFB /* Signal.swift */; };
/* End PBXBuildFile section */

/* Begin PBXFileReference section */
		93C47A92209CC04A00157955 /* DisposeBag.swift */ = {isa = PBXFileReference; lastKnownFileType = sourcecode.swift; path = DisposeBag.swift; sourceTree = "<group>"; };
		93C47A94209CC90C00157955 /* DetailViewController.swift */ = {isa = PBXFileReference; lastKnownFileType = sourcecode.swift; path = DetailViewController.swift; sourceTree = "<group>"; };
		93E5E95F208F6DE200BF0FFB /* SignalExample.app */ = {isa = PBXFileReference; explicitFileType = wrapper.application; includeInIndex = 0; path = SignalExample.app; sourceTree = BUILT_PRODUCTS_DIR; };
		93E5E962208F6DE200BF0FFB /* AppDelegate.swift */ = {isa = PBXFileReference; lastKnownFileType = sourcecode.swift; path = AppDelegate.swift; sourceTree = "<group>"; };
		93E5E964208F6DE200BF0FFB /* ViewController.swift */ = {isa = PBXFileReference; lastKnownFileType = sourcecode.swift; path = ViewController.swift; sourceTree = "<group>"; };
		93E5E967208F6DE200BF0FFB /* Base */ = {isa = PBXFileReference; lastKnownFileType = file.storyboard; name = Base; path = Base.lproj/Main.storyboard; sourceTree = "<group>"; };
		93E5E969208F6DE400BF0FFB /* Assets.xcassets */ = {isa = PBXFileReference; lastKnownFileType = folder.assetcatalog; path = Assets.xcassets; sourceTree = "<group>"; };
		93E5E96C208F6DE400BF0FFB /* Base */ = {isa = PBXFileReference; lastKnownFileType = file.storyboard; name = Base; path = Base.lproj/LaunchScreen.storyboard; sourceTree = "<group>"; };
		93E5E96E208F6DE400BF0FFB /* Info.plist */ = {isa = PBXFileReference; lastKnownFileType = text.plist.xml; path = Info.plist; sourceTree = "<group>"; };
		93E5E975208F6E0B00BF0FFB /* Signal.swift */ = {isa = PBXFileReference; fileEncoding = 4; lastKnownFileType = sourcecode.swift; path = Signal.swift; sourceTree = "<group>"; };
/* End PBXFileReference section */

/* Begin PBXFrameworksBuildPhase section */
		93E5E95C208F6DE200BF0FFB /* Frameworks */ = {
			isa = PBXFrameworksBuildPhase;
			buildActionMask = 2147483647;
			files = (
			);
			runOnlyForDeploymentPostprocessing = 0;
		};
/* End PBXFrameworksBuildPhase section */

/* Begin PBXGroup section */
		93E5E956208F6DE100BF0FFB = {
			isa = PBXGroup;
			children = (
				93E5E961208F6DE200BF0FFB /* SignalExample */,
				93E5E960208F6DE200BF0FFB /* Products */,
			);
			sourceTree = "<group>";
		};
		93E5E960208F6DE200BF0FFB /* Products */ = {
			isa = PBXGroup;
			children = (
				93E5E95F208F6DE200BF0FFB /* SignalExample.app */,
			);
			name = Products;
			sourceTree = "<group>";
		};
		93E5E961208F6DE200BF0FFB /* SignalExample */ = {
			isa = PBXGroup;
			children = (
				93E5E974208F6DF300BF0FFB /* Signal */,
				93E5E962208F6DE200BF0FFB /* AppDelegate.swift */,
				93E5E964208F6DE200BF0FFB /* ViewController.swift */,
				93C47A94209CC90C00157955 /* DetailViewController.swift */,
				93E5E966208F6DE200BF0FFB /* Main.storyboard */,
				93E5E969208F6DE400BF0FFB /* Assets.xcassets */,
				93E5E96B208F6DE400BF0FFB /* LaunchScreen.storyboard */,
				93E5E96E208F6DE400BF0FFB /* Info.plist */,
			);
			path = SignalExample;
			sourceTree = "<group>";
		};
		93E5E974208F6DF300BF0FFB /* Signal */ = {
			isa = PBXGroup;
			children = (
				93E5E975208F6E0B00BF0FFB /* Signal.swift */,
				93C47A92209CC04A00157955 /* DisposeBag.swift */,
			);
			path = Signal;
			sourceTree = "<group>";
		};
/* End PBXGroup section */

/* Begin PBXNativeTarget section */
		93E5E95E208F6DE200BF0FFB /* SignalExample */ = {
			isa = PBXNativeTarget;
			buildConfigurationList = 93E5E971208F6DE400BF0FFB /* Build configuration list for PBXNativeTarget "SignalExample" */;
			buildPhases = (
				93E5E95B208F6DE200BF0FFB /* Sources */,
				93E5E95C208F6DE200BF0FFB /* Frameworks */,
				93E5E95D208F6DE200BF0FFB /* Resources */,
			);
			buildRules = (
			);
			dependencies = (
			);
			name = SignalExample;
			productName = SignalExample;
			productReference = 93E5E95F208F6DE200BF0FFB /* SignalExample.app */;
			productType = "com.apple.product-type.application";
		};
/* End PBXNativeTarget section */

/* Begin PBXProject section */
		93E5E957208F6DE100BF0FFB /* Project object */ = {
			isa = PBXProject;
			attributes = {
				LastSwiftUpdateCheck = 0930;
				LastUpgradeCheck = 0930;
				ORGANIZATIONNAME = aaron;
				TargetAttributes = {
					93E5E95E208F6DE200BF0FFB = {
						CreatedOnToolsVersion = 9.3;
					};
				};
			};
			buildConfigurationList = 93E5E95A208F6DE100BF0FFB /* Build configuration list for PBXProject "SignalExample" */;
			compatibilityVersion = "Xcode 9.3";
			developmentRegion = en;
			hasScannedForEncodings = 0;
			knownRegions = (
				en,
				Base,
			);
			mainGroup = 93E5E956208F6DE100BF0FFB;
			productRefGroup = 93E5E960208F6DE200BF0FFB /* Products */;
			projectDirPath = "";
			projectRoot = "";
			targets = (
				93E5E95E208F6DE200BF0FFB /* SignalExample */,
			);
		};
/* End PBXProject section */

/* Begin PBXResourcesBuildPhase section */
		93E5E95D208F6DE200BF0FFB /* Resources */ = {
			isa = PBXResourcesBuildPhase;
			buildActionMask = 2147483647;
			files = (
				93E5E96D208F6DE400BF0FFB /* LaunchScreen.storyboard in Resources */,
				93E5E96A208F6DE400BF0FFB /* Assets.xcassets in Resources */,
				93E5E968208F6DE200BF0FFB /* Main.storyboard in Resources */,
			);
			runOnlyForDeploymentPostprocessing = 0;
		};
/* End PBXResourcesBuildPhase section */

/* Begin PBXSourcesBuildPhase section */
		93E5E95B208F6DE200BF0FFB /* Sources */ = {
			isa = PBXSourcesBuildPhase;
			buildActionMask = 2147483647;
			files = (
				93C47A93209CC04A00157955 /* DisposeBag.swift in Sources */,
				93E5E965208F6DE200BF0FFB /* ViewController.swift in Sources */,
				93C47A95209CC90C00157955 /* DetailViewController.swift in Sources */,
				93E5E976208F6E0B00BF0FFB /* Signal.swift in Sources */,
				93E5E963208F6DE200BF0FFB /* AppDelegate.swift in Sources */,
			);
			runOnlyForDeploymentPostprocessing = 0;
		};
/* End PBXSourcesBuildPhase section */

/* Begin PBXVariantGroup section */
		93E5E966208F6DE200BF0FFB /* Main.storyboard */ = {
			isa = PBXVariantGroup;
			children = (
				93E5E967208F6DE200BF0FFB /* Base */,
			);
			name = Main.storyboard;
			sourceTree = "<group>";
		};
		93E5E96B208F6DE400BF0FFB /* LaunchScreen.storyboard */ = {
			isa = PBXVariantGroup;
			children = (
				93E5E96C208F6DE400BF0FFB /* Base */,
			);
			name = LaunchScreen.storyboard;
			sourceTree = "<group>";
		};
/* End PBXVariantGroup section */

/* Begin XCBuildConfiguration section */
		93E5E96F208F6DE400BF0FFB /* Debug */ = {
			isa = XCBuildConfiguration;
			buildSettings = {
				ALWAYS_SEARCH_USER_PATHS = NO;
				CLANG_ANALYZER_NONNULL = YES;
				CLANG_ANALYZER_NUMBER_OBJECT_CONVERSION = YES_AGGRESSIVE;
				CLANG_CXX_LANGUAGE_STANDARD = "gnu++14";
				CLANG_CXX_LIBRARY = "libc++";
				CLANG_ENABLE_MODULES = YES;
				CLANG_ENABLE_OBJC_ARC = YES;
				CLANG_ENABLE_OBJC_WEAK = YES;
				CLANG_WARN_BLOCK_CAPTURE_AUTORELEASING = YES;
				CLANG_WARN_BOOL_CONVERSION = YES;
				CLANG_WARN_COMMA = YES;
				CLANG_WARN_CONSTANT_CONVERSION = YES;
				CLANG_WARN_DEPRECATED_OBJC_IMPLEMENTATIONS = YES;
				CLANG_WARN_DIRECT_OBJC_ISA_USAGE = YES_ERROR;
				CLANG_WARN_DOCUMENTATION_COMMENTS = YES;
				CLANG_WARN_EMPTY_BODY = YES;
				CLANG_WARN_ENUM_CONVERSION = YES;
				CLANG_WARN_INFINITE_RECURSION = YES;
				CLANG_WARN_INT_CONVERSION = YES;
				CLANG_WARN_NON_LITERAL_NULL_CONVERSION = YES;
				CLANG_WARN_OBJC_IMPLICIT_RETAIN_SELF = YES;
				CLANG_WARN_OBJC_LITERAL_CONVERSION = YES;
				CLANG_WARN_OBJC_ROOT_CLASS = YES_ERROR;
				CLANG_WARN_RANGE_LOOP_ANALYSIS = YES;
				CLANG_WARN_STRICT_PROTOTYPES = YES;
				CLANG_WARN_SUSPICIOUS_MOVE = YES;
				CLANG_WARN_UNGUARDED_AVAILABILITY = YES_AGGRESSIVE;
				CLANG_WARN_UNREACHABLE_CODE = YES;
				CLANG_WARN__DUPLICATE_METHOD_MATCH = YES;
				CODE_SIGN_IDENTITY = "iPhone Developer";
				COPY_PHASE_STRIP = NO;
				DEBUG_INFORMATION_FORMAT = dwarf;
				ENABLE_STRICT_OBJC_MSGSEND = YES;
				ENABLE_TESTABILITY = YES;
				GCC_C_LANGUAGE_STANDARD = gnu11;
				GCC_DYNAMIC_NO_PIC = NO;
				GCC_NO_COMMON_BLOCKS = YES;
				GCC_OPTIMIZATION_LEVEL = 0;
				GCC_PREPROCESSOR_DEFINITIONS = (
					"DEBUG=1",
					"$(inherited)",
				);
				GCC_WARN_64_TO_32_BIT_CONVERSION = YES;
				GCC_WARN_ABOUT_RETURN_TYPE = YES_ERROR;
				GCC_WARN_UNDECLARED_SELECTOR = YES;
				GCC_WARN_UNINITIALIZED_AUTOS = YES_AGGRESSIVE;
				GCC_WARN_UNUSED_FUNCTION = YES;
				GCC_WARN_UNUSED_VARIABLE = YES;
				IPHONEOS_DEPLOYMENT_TARGET = 11.3;
				MTL_ENABLE_DEBUG_INFO = YES;
				ONLY_ACTIVE_ARCH = YES;
				SDKROOT = iphoneos;
				SWIFT_ACTIVE_COMPILATION_CONDITIONS = DEBUG;
				SWIFT_OPTIMIZATION_LEVEL = "-Onone";
			};
			name = Debug;
		};
		93E5E970208F6DE400BF0FFB /* Release */ = {
			isa = XCBuildConfiguration;
			buildSettings = {
				ALWAYS_SEARCH_USER_PATHS = NO;
				CLANG_ANALYZER_NONNULL = YES;
				CLANG_ANALYZER_NUMBER_OBJECT_CONVERSION = YES_AGGRESSIVE;
				CLANG_CXX_LANGUAGE_STANDARD = "gnu++14";
				CLANG_CXX_LIBRARY = "libc++";
				CLANG_ENABLE_MODULES = YES;
				CLANG_ENABLE_OBJC_ARC = YES;
				CLANG_ENABLE_OBJC_WEAK = YES;
				CLANG_WARN_BLOCK_CAPTURE_AUTORELEASING = YES;
				CLANG_WARN_BOOL_CONVERSION = YES;
				CLANG_WARN_COMMA = YES;
				CLANG_WARN_CONSTANT_CONVERSION = YES;
				CLANG_WARN_DEPRECATED_OBJC_IMPLEMENTATIONS = YES;
				CLANG_WARN_DIRECT_OBJC_ISA_USAGE = YES_ERROR;
				CLANG_WARN_DOCUMENTATION_COMMENTS = YES;
				CLANG_WARN_EMPTY_BODY = YES;
				CLANG_WARN_ENUM_CONVERSION = YES;
				CLANG_WARN_INFINITE_RECURSION = YES;
				CLANG_WARN_INT_CONVERSION = YES;
				CLANG_WARN_NON_LITERAL_NULL_CONVERSION = YES;
				CLANG_WARN_OBJC_IMPLICIT_RETAIN_SELF = YES;
				CLANG_WARN_OBJC_LITERAL_CONVERSION = YES;
				CLANG_WARN_OBJC_ROOT_CLASS = YES_ERROR;
				CLANG_WARN_RANGE_LOOP_ANALYSIS = YES;
				CLANG_WARN_STRICT_PROTOTYPES = YES;
				CLANG_WARN_SUSPICIOUS_MOVE = YES;
				CLANG_WARN_UNGUARDED_AVAILABILITY = YES_AGGRESSIVE;
				CLANG_WARN_UNREACHABLE_CODE = YES;
				CLANG_WARN__DUPLICATE_METHOD_MATCH = YES;
				CODE_SIGN_IDENTITY = "iPhone Developer";
				COPY_PHASE_STRIP = NO;
				DEBUG_INFORMATION_FORMAT = "dwarf-with-dsym";
				ENABLE_NS_ASSERTIONS = NO;
				ENABLE_STRICT_OBJC_MSGSEND = YES;
				GCC_C_LANGUAGE_STANDARD = gnu11;
				GCC_NO_COMMON_BLOCKS = YES;
				GCC_WARN_64_TO_32_BIT_CONVERSION = YES;
				GCC_WARN_ABOUT_RETURN_TYPE = YES_ERROR;
				GCC_WARN_UNDECLARED_SELECTOR = YES;
				GCC_WARN_UNINITIALIZED_AUTOS = YES_AGGRESSIVE;
				GCC_WARN_UNUSED_FUNCTION = YES;
				GCC_WARN_UNUSED_VARIABLE = YES;
				IPHONEOS_DEPLOYMENT_TARGET = 11.3;
				MTL_ENABLE_DEBUG_INFO = NO;
				SDKROOT = iphoneos;
				SWIFT_COMPILATION_MODE = wholemodule;
				SWIFT_OPTIMIZATION_LEVEL = "-O";
				VALIDATE_PRODUCT = YES;
			};
			name = Release;
		};
		93E5E972208F6DE400BF0FFB /* Debug */ = {
			isa = XCBuildConfiguration;
			buildSettings = {
				ASSETCATALOG_COMPILER_APPICON_NAME = AppIcon;
				CODE_SIGN_STYLE = Automatic;
				INFOPLIST_FILE = SignalExample/Info.plist;
				LD_RUNPATH_SEARCH_PATHS = (
					"$(inherited)",
					"@executable_path/Frameworks",
				);
				PRODUCT_BUNDLE_IDENTIFIER = "lambda-co.SignalExample";
				PRODUCT_NAME = "$(TARGET_NAME)";
				SWIFT_VERSION = 4.0;
				TARGETED_DEVICE_FAMILY = "1,2";
			};
			name = Debug;
		};
		93E5E973208F6DE400BF0FFB /* Release */ = {
			isa = XCBuildConfiguration;
			buildSettings = {
				ASSETCATALOG_COMPILER_APPICON_NAME = AppIcon;
				CODE_SIGN_STYLE = Automatic;
				INFOPLIST_FILE = SignalExample/Info.plist;
				LD_RUNPATH_SEARCH_PATHS = (
					"$(inherited)",
					"@executable_path/Frameworks",
				);
				PRODUCT_BUNDLE_IDENTIFIER = "lambda-co.SignalExample";
				PRODUCT_NAME = "$(TARGET_NAME)";
				SWIFT_VERSION = 4.0;
				TARGETED_DEVICE_FAMILY = "1,2";
			};
			name = Release;
		};
/* End XCBuildConfiguration section */

/* Begin XCConfigurationList section */
		93E5E95A208F6DE100BF0FFB /* Build configuration list for PBXProject "SignalExample" */ = {
			isa = XCConfigurationList;
			buildConfigurations = (
				93E5E96F208F6DE400BF0FFB /* Debug */,
				93E5E970208F6DE400BF0FFB /* Release */,
			);
			defaultConfigurationIsVisible = 0;
			defaultConfigurationName = Release;
		};
		93E5E971208F6DE400BF0FFB /* Build configuration list for PBXNativeTarget "SignalExample" */ = {
			isa = XCConfigurationList;
			buildConfigurations = (
				93E5E972208F6DE400BF0FFB /* Debug */,
				93E5E973208F6DE400BF0FFB /* Release */,
			);
			defaultConfigurationIsVisible = 0;
			defaultConfigurationName = Release;
		};
/* End XCConfigurationList section */
	};
	rootObject = 93E5E957208F6DE100BF0FFB /* Project object */;
}
